# This file was autogenerated by Stack.
# You should not edit this file by hand.
# For more information, please see the documentation at:
#   https://docs.haskellstack.org/en/stable/lock_files

packages:
- completed:
    size: 62475
    url: https://github.com/codedownio/hs-webdriver/archive/96019af419a5bf4c444ef1c8341db33b23dcc03a.tar.gz
    cabal-file:
      size: 3365
      sha256: 95b810162a436390f83e8aa5e0038bb3a094f2f0ad35f30d3c07e2a3564ae26f
    name: webdriver
    version: 0.9.0.1
    sha256: 7a6360b8d88ef230ca700ae25159dd790e5948849da9872a1cf946e7d124905d
    pantry-tree:
      size: 2934
      sha256: 518d4db145093238f3fca93ccf27a67d65e0816a89d446e1f03687524dae6b19
  original:
    url: https://github.com/codedownio/hs-webdriver/archive/96019af419a5bf4c444ef1c8341db33b23dcc03a.tar.gz
snapshots:
- completed:
    size: 498365
    url: https://raw.githubusercontent.com/commercialhaskell/stackage-snapshots/master/lts/13/18.yaml
    sha256: c813b03544da8a9053b722f00f3f9a0aade23443130ac7160fefa89e01f5fb17
  original: lts-13.18
